
Microsoft Visual Studio Solution File, Format Version 12.00
# Visual Studio Version 17
VisualStudioVersion = 17.5.001.0
MinimumVisualStudioVersion = 10.0.40219.1
Project("{9A19103F-16F7-4668-BE54-9A1E7A4F7556}") = "Exercise003", "Exercise003.csproj", "{B78A2AC6-4285-4A11-B28F-192AD6C405B2}"
EndProject
Global
	GlobalSection(SolutionConfigurationPlatforms) = preSolution
		Debug|Any CPU = Debug|Any CPU
		Release|Any CPU = Release|Any CPU
	EndGlobalSection
	GlobalSection(ProjectConfigurationPlatforms) = postSolution
		{B78A2AC6-4285-4A11-B28F-192AD6C405B2}.Debug|Any CPU.ActiveCfg = Debug|Any CPU
		{B78A2AC6-4285-4A11-B28F-192AD6C405B2}.Debug|Any CPU.Build.0 = Debug|Any CPU
		{B78A2AC6-4285-4A11-B28F-192AD6C405B2}.Release|Any CPU.ActiveCfg = Release|Any CPU
		{B78A2AC6-4285-4A11-B28F-192AD6C405B2}.Release|Any CPU.Build.0 = Release|Any CPU
	EndGlobalSection
	GlobalSection(SolutionProperties) = preSolution
		HideSolutionNode = FALSE
	EndGlobalSection
	GlobalSection(ExtensibilityGlobals) = postSolution
		SolutionGuid = {FD4CFC0B-32AC-4A3C-9B1B-A0F00535ECA1}
	EndGlobalSection
EndGlobal
